Microsoft Visual Studio Solution File, Format Version 8.00
Project("{FAE04EC0-301F-11D3-BF4B-00C04F79EFBC}") = "Foobar", "Foobar.csproj", "{589E28A3-1C06-458B-815A-2D2EC12F5D07}"
	ProjectSection(ProjectDependencies) = postProject
	EndProjectSection
EndProject
Global
	GlobalSection(SolutionConfiguration) = preSolution
		Debug = Debug
		Release = Release
	EndGlobalSection
	GlobalSection(ProjectConfiguration) = postSolution
		{589E28A3-1C06-458B-815A-2D2EC12F5D07}.Debug.ActiveCfg = Debug|.NET
		{589E28A3-1C06-458B-815A-2D2EC12F5D07}.Debug.Build.0 = Debug|.NET
		{589E28A3-1C06-458B-815A-2D2EC12F5D07}.Release.ActiveCfg = Release|.NET
		{589E28A3-1C06-458B-815A-2D2EC12F5D07}.Release.Build.0 = Release|.NET
	EndGlobalSection
	GlobalSection(ExtensibilityGlobals) = postSolution
	EndGlobalSection
	GlobalSection(ExtensibilityAddIns) = postSolution
	EndGlobalSection
EndGlobal
