Microsoft Visual Studio Solution File, Format Version 12.00
# Visual Studio 15
VisualStudioVersion = 15.0.27004.2006
MinimumVisualStudioVersion = 10.0.40219.1
Project("{FAE04EC0-301F-11D3-BF4B-00C04F79EFBC}") = "DiagramBuilder", "DiagramBuilder.csproj", "{6B316B5A-D167-477A-857C-55DC7CDA4D3E}"
EndProject
Project("{FAE04EC0-301F-11D3-BF4B-00C04F79EFBC}") = "Syncfusion.Diagram", "..\..\..\Src\Syncfusion.Diagram.csproj", "{7B014FBB-61CA-4CB6-86A4-9C23211EA303}"
EndProject
Project("{FAE04EC0-301F-11D3-BF4B-00C04F79EFBC}") = "Syncfusion.Diagram.Controls", "..\..\..\Src\Controls\Syncfusion.Diagram.Controls.csproj", "{0F6F524C-F898-487B-87C4-6EDF2D07E017}"
EndProject
Global
	GlobalSection(SolutionConfigurationPlatforms) = preSolution
		Debug|Any CPU = Debug|Any CPU
		Documentation|Any CPU = Documentation|Any CPU
		Release|Any CPU = Release|Any CPU
	EndGlobalSection
	GlobalSection(ProjectConfigurationPlatforms) = postSolution
		{6B316B5A-D167-477A-857C-55DC7CDA4D3E}.Debug|Any CPU.ActiveCfg = Debug|Any CPU
		{6B316B5A-D167-477A-857C-55DC7CDA4D3E}.Debug|Any CPU.Build.0 = Debug|Any CPU
		{6B316B5A-D167-477A-857C-55DC7CDA4D3E}.Documentation|Any CPU.ActiveCfg = Debug|Any CPU
		{6B316B5A-D167-477A-857C-55DC7CDA4D3E}.Documentation|Any CPU.Build.0 = Debug|Any CPU
		{6B316B5A-D167-477A-857C-55DC7CDA4D3E}.Release|Any CPU.ActiveCfg = Release|Any CPU
		{6B316B5A-D167-477A-857C-55DC7CDA4D3E}.Release|Any CPU.Build.0 = Release|Any CPU
		{7B014FBB-61CA-4CB6-86A4-9C23211EA303}.Debug|Any CPU.ActiveCfg = Debug|Any CPU
		{7B014FBB-61CA-4CB6-86A4-9C23211EA303}.Debug|Any CPU.Build.0 = Debug|Any CPU
		{7B014FBB-61CA-4CB6-86A4-9C23211EA303}.Documentation|Any CPU.ActiveCfg = Documentation|Any CPU
		{7B014FBB-61CA-4CB6-86A4-9C23211EA303}.Documentation|Any CPU.Build.0 = Documentation|Any CPU
		{7B014FBB-61CA-4CB6-86A4-9C23211EA303}.Release|Any CPU.ActiveCfg = Release|Any CPU
		{7B014FBB-61CA-4CB6-86A4-9C23211EA303}.Release|Any CPU.Build.0 = Release|Any CPU
		{0F6F524C-F898-487B-87C4-6EDF2D07E017}.Debug|Any CPU.ActiveCfg = Debug|Any CPU
		{0F6F524C-F898-487B-87C4-6EDF2D07E017}.Debug|Any CPU.Build.0 = Debug|Any CPU
		{0F6F524C-F898-487B-87C4-6EDF2D07E017}.Documentation|Any CPU.ActiveCfg = Documentation|Any CPU
		{0F6F524C-F898-487B-87C4-6EDF2D07E017}.Documentation|Any CPU.Build.0 = Documentation|Any CPU
		{0F6F524C-F898-487B-87C4-6EDF2D07E017}.Release|Any CPU.ActiveCfg = Release|Any CPU
		{0F6F524C-F898-487B-87C4-6EDF2D07E017}.Release|Any CPU.Build.0 = Release|Any CPU
	EndGlobalSection
	GlobalSection(SolutionProperties) = preSolution
		HideSolutionNode = FALSE
	EndGlobalSection
	GlobalSection(ExtensibilityGlobals) = postSolution
		SolutionGuid = {945CDCE4-AC3F-4845-902E-092FD62C2460}
	EndGlobalSection
EndGlobal
